
Microsoft Visual Studio Solution File, Format Version 11.00
# Visual Studio 2010
Project("{8BC9CEB8-8B4A-11D0-8D11-00A0C91BC942}") = "dynpython", "build\python.vcxproj", "{52897542-C87D-40A8-89DE-18BD0A17A6E2}"
EndProject
Project("{2150E333-8FDC-42A3-9474-1A3956D46DE8}") = "Build Scripts", "Build Scripts", "{F7EB23E8-F389-4C8B-9D94-B8447544173F}"
	ProjectSection(SolutionItems) = preProject
		util\scripts\_envshim.py = util\scripts\_envshim.py
		util\scripts\gendecls.py = util\scripts\gendecls.py
		util\scripts\geninline.py = util\scripts\geninline.py
		util\scripts\genproto.py = util\scripts\genproto.py
		util\scripts\getinfo.py = util\scripts\getinfo.py
		util\scripts\merge.py = util\scripts\merge.py
	EndProjectSection
EndProject
Project("{2150E333-8FDC-42A3-9474-1A3956D46DE8}") = "Build Data", "Build Data", "{B607EBF0-9EE0-4FB5-A6C6-C30BC1C30C0C}"
	ProjectSection(SolutionItems) = preProject
		util\data\python.c = util\data\python.c
		util\data\python27.x64.dll = util\data\python27.x64.dll
		util\data\python27.x86.dll = util\data\python27.x86.dll
	EndProjectSection
EndProject
Project("{2150E333-8FDC-42A3-9474-1A3956D46DE8}") = "Export Tabs", "Export Tabs", "{463071BF-7BDA-45B3-8DC8-404A9D6FD533}"
	ProjectSection(SolutionItems) = preProject
		src\dynpython_tab.c = src\dynpython_tab.c
		include\dynpython_tab.h = include\dynpython_tab.h
	EndProjectSection
EndProject
Project("{2150E333-8FDC-42A3-9474-1A3956D46DE8}") = "Process Targets", "Process Targets", "{68C9FDA1-B834-4D13-89AE-9260D1F03843}"
	ProjectSection(SolutionItems) = preProject
		util\include\python_headers = util\include\python_headers
	EndProjectSection
EndProject
Project("{2150E333-8FDC-42A3-9474-1A3956D46DE8}") = "Modified", "Modified", "{9426FB26-74BE-4649-9EDF-14C3CC2CA039}"
	ProjectSection(SolutionItems) = preProject
		util\include\modsupport.h = util\include\modsupport.h
		util\include\object.h = util\include\object.h
		util\include\patchlevel.h = util\include\patchlevel.h
		util\include\pyconfig.h = util\include\pyconfig.h
		util\include\pyport.h = util\include\pyport.h
		util\include\Python.h = util\include\Python.h
	EndProjectSection
EndProject
Project("{2150E333-8FDC-42A3-9474-1A3956D46DE8}") = "Original", "Original", "{CA8B1DFC-E7F8-49BA-9856-FEB2A9652687}"
	ProjectSection(SolutionItems) = preProject
		util\include\original\abstract.h = util\include\original\abstract.h
		util\include\original\asdl.h = util\include\original\asdl.h
		util\include\original\ast.h = util\include\original\ast.h
		util\include\original\bitset.h = util\include\original\bitset.h
		util\include\original\boolobject.h = util\include\original\boolobject.h
		util\include\original\bufferobject.h = util\include\original\bufferobject.h
		util\include\original\bytearrayobject.h = util\include\original\bytearrayobject.h
		util\include\original\bytes_methods.h = util\include\original\bytes_methods.h
		util\include\original\bytesobject.h = util\include\original\bytesobject.h
		util\include\original\cellobject.h = util\include\original\cellobject.h
		util\include\original\ceval.h = util\include\original\ceval.h
		util\include\original\classobject.h = util\include\original\classobject.h
		util\include\original\cobject.h = util\include\original\cobject.h
		util\include\original\code.h = util\include\original\code.h
		util\include\original\codecs.h = util\include\original\codecs.h
		util\include\original\compile.h = util\include\original\compile.h
		util\include\original\complexobject.h = util\include\original\complexobject.h
		util\include\original\cStringIO.h = util\include\original\cStringIO.h
		util\include\original\datetime.h = util\include\original\datetime.h
		util\include\original\descrobject.h = util\include\original\descrobject.h
		util\include\original\dictobject.h = util\include\original\dictobject.h
		util\include\original\dtoa.h = util\include\original\dtoa.h
		util\include\original\enumobject.h = util\include\original\enumobject.h
		util\include\original\errcode.h = util\include\original\errcode.h
		util\include\original\eval.h = util\include\original\eval.h
		util\include\original\fileobject.h = util\include\original\fileobject.h
		util\include\original\floatobject.h = util\include\original\floatobject.h
		util\include\original\frameobject.h = util\include\original\frameobject.h
		util\include\original\funcobject.h = util\include\original\funcobject.h
		util\include\original\genobject.h = util\include\original\genobject.h
		util\include\original\graminit.h = util\include\original\graminit.h
		util\include\original\grammar.h = util\include\original\grammar.h
		util\include\original\import.h = util\include\original\import.h
		util\include\original\intobject.h = util\include\original\intobject.h
		util\include\original\intrcheck.h = util\include\original\intrcheck.h
		util\include\original\iterobject.h = util\include\original\iterobject.h
		util\include\original\listobject.h = util\include\original\listobject.h
		util\include\original\longintrepr.h = util\include\original\longintrepr.h
		util\include\original\longobject.h = util\include\original\longobject.h
		util\include\original\marshal.h = util\include\original\marshal.h
		util\include\original\memoryobject.h = util\include\original\memoryobject.h
		util\include\original\metagrammar.h = util\include\original\metagrammar.h
		util\include\original\methodobject.h = util\include\original\methodobject.h
		util\include\original\moduleobject.h = util\include\original\moduleobject.h
		util\include\original\node.h = util\include\original\node.h
		util\include\original\objimpl.h = util\include\original\objimpl.h
		util\include\original\opcode.h = util\include\original\opcode.h
		util\include\original\osdefs.h = util\include\original\osdefs.h
		util\include\original\parsetok.h = util\include\original\parsetok.h
		util\include\original\pgen.h = util\include\original\pgen.h
		util\include\original\pgenheaders.h = util\include\original\pgenheaders.h
		util\include\original\py_curses.h = util\include\original\py_curses.h
		util\include\original\pyarena.h = util\include\original\pyarena.h
		util\include\original\pycapsule.h = util\include\original\pycapsule.h
		util\include\original\pyctype.h = util\include\original\pyctype.h
		util\include\original\pydebug.h = util\include\original\pydebug.h
		util\include\original\pyerrors.h = util\include\original\pyerrors.h
		util\include\original\pyexpat.h = util\include\original\pyexpat.h
		util\include\original\pyfpe.h = util\include\original\pyfpe.h
		util\include\original\pygetopt.h = util\include\original\pygetopt.h
		util\include\original\pymacconfig.h = util\include\original\pymacconfig.h
		util\include\original\pymactoolbox.h = util\include\original\pymactoolbox.h
		util\include\original\pymath.h = util\include\original\pymath.h
		util\include\original\pymem.h = util\include\original\pymem.h
		util\include\original\pystate.h = util\include\original\pystate.h
		util\include\original\pystrcmp.h = util\include\original\pystrcmp.h
		util\include\original\pystrtod.h = util\include\original\pystrtod.h
		util\include\original\Python-ast.h = util\include\original\Python-ast.h
		util\include\original\pythonrun.h = util\include\original\pythonrun.h
		util\include\original\pythread.h = util\include\original\pythread.h
		util\include\original\rangeobject.h = util\include\original\rangeobject.h
		util\include\original\setobject.h = util\include\original\setobject.h
		util\include\original\sliceobject.h = util\include\original\sliceobject.h
		util\include\original\stringobject.h = util\include\original\stringobject.h
		util\include\original\structmember.h = util\include\original\structmember.h
		util\include\original\structseq.h = util\include\original\structseq.h
		util\include\original\symtable.h = util\include\original\symtable.h
		util\include\original\sysmodule.h = util\include\original\sysmodule.h
		util\include\original\timefuncs.h = util\include\original\timefuncs.h
		util\include\original\token.h = util\include\original\token.h
		util\include\original\traceback.h = util\include\original\traceback.h
		util\include\original\tupleobject.h = util\include\original\tupleobject.h
		util\include\original\ucnhash.h = util\include\original\ucnhash.h
		util\include\original\unicodeobject.h = util\include\original\unicodeobject.h
		util\include\original\warnings.h = util\include\original\warnings.h
		util\include\original\weakrefobject.h = util\include\original\weakrefobject.h
	EndProjectSection
EndProject
Global
	GlobalSection(SolutionConfigurationPlatforms) = preSolution
		Debug|Win32 = Debug|Win32
		Release|Win32 = Release|Win32
	EndGlobalSection
	GlobalSection(ProjectConfigurationPlatforms) = postSolution
		{52897542-C87D-40A8-89DE-18BD0A17A6E2}.Debug|Win32.ActiveCfg = Debug|Win32
		{52897542-C87D-40A8-89DE-18BD0A17A6E2}.Debug|Win32.Build.0 = Debug|Win32
		{52897542-C87D-40A8-89DE-18BD0A17A6E2}.Release|Win32.ActiveCfg = Release|Win32
		{52897542-C87D-40A8-89DE-18BD0A17A6E2}.Release|Win32.Build.0 = Release|Win32
	EndGlobalSection
	GlobalSection(SolutionProperties) = preSolution
		HideSolutionNode = FALSE
	EndGlobalSection
	GlobalSection(NestedProjects) = preSolution
		{9426FB26-74BE-4649-9EDF-14C3CC2CA039} = {68C9FDA1-B834-4D13-89AE-9260D1F03843}
		{CA8B1DFC-E7F8-49BA-9856-FEB2A9652687} = {68C9FDA1-B834-4D13-89AE-9260D1F03843}
	EndGlobalSection
EndGlobal
